
Microsoft Visual Studio Solution File, Format Version 12.00
# Visual Studio Version 16
VisualStudioVersion = 16.0.28803.352
MinimumVisualStudioVersion = 10.0.40219.1
Project("{FAE04EC0-301F-11D3-BF4B-00C04F79EFBC}") = "FinalWebApi", "FinalWebApi\FinalWebApi.csproj", "{82C1CB1E-F166-4803-828F-BDF6D6B1A852}"
EndProject
Project("{FAE04EC0-301F-11D3-BF4B-00C04F79EFBC}") = "ReadingAccess", "ReadingAccess\ReadingAccess.csproj", "{CE7DEF70-7539-47F0-9215-6AE32B1731A3}"
EndProject
Global
	GlobalSection(SolutionConfigurationPlatforms) = preSolution
		Debug|Any CPU = Debug|Any CPU
		Release|Any CPU = Release|Any CPU
	EndGlobalSection
	GlobalSection(ProjectConfigurationPlatforms) = postSolution
		{82C1CB1E-F166-4803-828F-BDF6D6B1A852}.Debug|Any CPU.ActiveCfg = Debug|Any CPU
		{82C1CB1E-F166-4803-828F-BDF6D6B1A852}.Debug|Any CPU.Build.0 = Debug|Any CPU
		{82C1CB1E-F166-4803-828F-BDF6D6B1A852}.Release|Any CPU.ActiveCfg = Release|Any CPU
		{82C1CB1E-F166-4803-828F-BDF6D6B1A852}.Release|Any CPU.Build.0 = Release|Any CPU
		{CE7DEF70-7539-47F0-9215-6AE32B1731A3}.Debug|Any CPU.ActiveCfg = Debug|Any CPU
		{CE7DEF70-7539-47F0-9215-6AE32B1731A3}.Debug|Any CPU.Build.0 = Debug|Any CPU
		{CE7DEF70-7539-47F0-9215-6AE32B1731A3}.Release|Any CPU.ActiveCfg = Release|Any CPU
		{CE7DEF70-7539-47F0-9215-6AE32B1731A3}.Release|Any CPU.Build.0 = Release|Any CPU
	EndGlobalSection
	GlobalSection(SolutionProperties) = preSolution
		HideSolutionNode = FALSE
	EndGlobalSection
	GlobalSection(ExtensibilityGlobals) = postSolution
		SolutionGuid = {4F2A3813-6C94-47E8-9D36-9E1FB814B5FB}
	EndGlobalSection
EndGlobal
