
Microsoft Visual Studio Solution File, Format Version 12.00
# Visual Studio 15
VisualStudioVersion = 15.0.28307.329
MinimumVisualStudioVersion = 10.0.40219.1
Project("{9A19103F-16F7-4668-BE54-9A1E7A4F7556}") = "SqlTest", "SqlTest\SqlTest.csproj", "{836453A5-CF40-4D0C-AF3E-1F12F9C44674}"
EndProject
Global
	GlobalSection(SolutionConfigurationPlatforms) = preSolution
		Debug|Any CPU = Debug|Any CPU
		Release|Any CPU = Release|Any CPU
	EndGlobalSection
	GlobalSection(ProjectConfigurationPlatforms) = postSolution
		{836453A5-CF40-4D0C-AF3E-1F12F9C44674}.Debug|Any CPU.ActiveCfg = Debug|Any CPU
		{836453A5-CF40-4D0C-AF3E-1F12F9C44674}.Debug|Any CPU.Build.0 = Debug|Any CPU
		{836453A5-CF40-4D0C-AF3E-1F12F9C44674}.Release|Any CPU.ActiveCfg = Release|Any CPU
		{836453A5-CF40-4D0C-AF3E-1F12F9C44674}.Release|Any CPU.Build.0 = Release|Any CPU
	EndGlobalSection
	GlobalSection(SolutionProperties) = preSolution
		HideSolutionNode = FALSE
	EndGlobalSection
	GlobalSection(ExtensibilityGlobals) = postSolution
		SolutionGuid = {A0171AF1-01B3-49F1-AFFA-EFC75199A91A}
	EndGlobalSection
EndGlobal
